
Microsoft Visual Studio Solution File, Format Version 12.00
# Visual Studio Version 16
VisualStudioVersion = 16.0.32407.337
MinimumVisualStudioVersion = 10.0.40219.1
Project("{FAE04EC0-301F-11D3-BF4B-00C04F79EFBC}") = "WindowsVirtualDesktopHelper", "App\WindowsVirtualDesktopHelper.csproj", "{88BEA099-1D4B-4213-9197-1929FFB44901}"
EndProject
Global
	GlobalSection(SolutionConfigurationPlatforms) = preSolution
		Debug|Any CPU = Debug|Any CPU
		Release|Any CPU = Release|Any CPU
	EndGlobalSection
	GlobalSection(ProjectConfigurationPlatforms) = postSolution
		{88BEA099-1D4B-4213-9197-1929FFB44901}.Debug|Any CPU.ActiveCfg = Debug|Any CPU
		{88BEA099-1D4B-4213-9197-1929FFB44901}.Debug|Any CPU.Build.0 = Debug|Any CPU
		{88BEA099-1D4B-4213-9197-1929FFB44901}.Release|Any CPU.ActiveCfg = Release|Any CPU
		{88BEA099-1D4B-4213-9197-1929FFB44901}.Release|Any CPU.Build.0 = Release|Any CPU
	EndGlobalSection
	GlobalSection(SolutionProperties) = preSolution
		HideSolutionNode = FALSE
	EndGlobalSection
	GlobalSection(ExtensibilityGlobals) = postSolution
		SolutionGuid = {4501F245-0997-4EFA-9053-549FD6135156}
	EndGlobalSection
EndGlobal
